
Microsoft Visual Studio Solution File, Format Version 12.00
# Visual Studio Version 17
VisualStudioVersion = 17.4.33020.496
MinimumVisualStudioVersion = 10.0.40219.1
Project("{8BC9CEB8-8B4A-11D0-8D11-00A0C91BC942}") = "jpeg", "jpeg.vcxproj", "{019DBD2A-273D-4BA4-BF86-B5EFE2ED76B1}"
EndProject
Global
	GlobalSection(SolutionConfigurationPlatforms) = preSolution
		Release|ARM64 = Release|ARM64
		Release|Win32 = Release|Win32
	EndGlobalSection
	GlobalSection(ProjectConfigurationPlatforms) = postSolution
		{019DBD2A-273D-4BA4-BF86-B5EFE2ED76B1}.Release|ARM64.ActiveCfg = Release|ARM64
		{019DBD2A-273D-4BA4-BF86-B5EFE2ED76B1}.Release|ARM64.Build.0 = Release|ARM64
		{019DBD2A-273D-4BA4-BF86-B5EFE2ED76B1}.Release|Win32.ActiveCfg = Release|Win32
		{019DBD2A-273D-4BA4-BF86-B5EFE2ED76B1}.Release|Win32.Build.0 = Release|Win32
	EndGlobalSection
	GlobalSection(SolutionProperties) = preSolution
		HideSolutionNode = FALSE
	EndGlobalSection
	GlobalSection(ExtensibilityGlobals) = postSolution
		SolutionGuid = {822B405A-0A46-4D0E-B390-D5BDD2D1813B}
	EndGlobalSection
EndGlobal
